
Microsoft Visual Studio Solution File, Format Version 12.00
# Visual Studio Version 16
VisualStudioVersion = 16.0.30011.22
MinimumVisualStudioVersion = 15.0.26124.0
Project("{2150E333-8FDC-42A3-9474-1A3956D46DE8}") = "src", "src", "{37B710D1-C77B-4B3C-97A3-B31103C39928}"
EndProject
Project("{FAE04EC0-301F-11D3-BF4B-00C04F79EFBC}") = "Ex.CommandLine", "src\Ex.CommandLine\Ex.CommandLine.csproj", "{4F031233-9B8D-4B25-A4A8-A7AB1FF46F84}"
EndProject
Global
	GlobalSection(SolutionConfigurationPlatforms) = preSolution
		Debug|Any CPU = Debug|Any CPU
		Debug|x64 = Debug|x64
		Debug|x86 = Debug|x86
		Release|Any CPU = Release|Any CPU
		Release|x64 = Release|x64
		Release|x86 = Release|x86
	EndGlobalSection
	GlobalSection(ProjectConfigurationPlatforms) = postSolution
		{4F031233-9B8D-4B25-A4A8-A7AB1FF46F84}.Debug|Any CPU.ActiveCfg = Debug|Any CPU
		{4F031233-9B8D-4B25-A4A8-A7AB1FF46F84}.Debug|Any CPU.Build.0 = Debug|Any CPU
		{4F031233-9B8D-4B25-A4A8-A7AB1FF46F84}.Debug|x64.ActiveCfg = Debug|Any CPU
		{4F031233-9B8D-4B25-A4A8-A7AB1FF46F84}.Debug|x64.Build.0 = Debug|Any CPU
		{4F031233-9B8D-4B25-A4A8-A7AB1FF46F84}.Debug|x86.ActiveCfg = Debug|Any CPU
		{4F031233-9B8D-4B25-A4A8-A7AB1FF46F84}.Debug|x86.Build.0 = Debug|Any CPU
		{4F031233-9B8D-4B25-A4A8-A7AB1FF46F84}.Release|Any CPU.ActiveCfg = Release|Any CPU
		{4F031233-9B8D-4B25-A4A8-A7AB1FF46F84}.Release|Any CPU.Build.0 = Release|Any CPU
		{4F031233-9B8D-4B25-A4A8-A7AB1FF46F84}.Release|x64.ActiveCfg = Release|Any CPU
		{4F031233-9B8D-4B25-A4A8-A7AB1FF46F84}.Release|x64.Build.0 = Release|Any CPU
		{4F031233-9B8D-4B25-A4A8-A7AB1FF46F84}.Release|x86.ActiveCfg = Release|Any CPU
		{4F031233-9B8D-4B25-A4A8-A7AB1FF46F84}.Release|x86.Build.0 = Release|Any CPU
	EndGlobalSection
	GlobalSection(SolutionProperties) = preSolution
		HideSolutionNode = FALSE
	EndGlobalSection
	GlobalSection(NestedProjects) = preSolution
		{4F031233-9B8D-4B25-A4A8-A7AB1FF46F84} = {37B710D1-C77B-4B3C-97A3-B31103C39928}
	EndGlobalSection
	GlobalSection(ExtensibilityGlobals) = postSolution
		SolutionGuid = {60EE0B20-C2CD-4576-BAAD-E63A513A2612}
	EndGlobalSection
EndGlobal
